
Microsoft Visual Studio Solution File, Format Version 12.00
# Visual Studio Version 17
VisualStudioVersion = 17.9.34728.123
MinimumVisualStudioVersion = 10.0.40219.1
Project("{FAE04EC0-301F-11D3-BF4B-00C04F79EFBC}") = "Math_OperationsLib", "Math_OperationsLib\Math_OperationsLib.csproj", "{CA2DE8A4-6E9E-4739-9CC9-CAD1216FD3E1}"
EndProject
Project("{2150E333-8FDC-42A3-9474-1A3956D46DE8}") = "scr", "scr", "{9916AE56-F8AD-40C3-B00D-55CED607A4B9}"
EndProject
Project("{2150E333-8FDC-42A3-9474-1A3956D46DE8}") = "tests", "tests", "{50A8944A-DCC7-4D04-8E01-388ECB8A1CEB}"
EndProject
Project("{FAE04EC0-301F-11D3-BF4B-00C04F79EFBC}") = "Math_OperationsLibTests1", "Math_OperationsLibTests1\Math_OperationsLibTests1.csproj", "{17B4FF47-84AA-4631-AB45-9C4EED452471}"
EndProject
Global
	GlobalSection(SolutionConfigurationPlatforms) = preSolution
		Debug|Any CPU = Debug|Any CPU
		Release|Any CPU = Release|Any CPU
	EndGlobalSection
	GlobalSection(ProjectConfigurationPlatforms) = postSolution
		{CA2DE8A4-6E9E-4739-9CC9-CAD1216FD3E1}.Debug|Any CPU.ActiveCfg = Debug|Any CPU
		{CA2DE8A4-6E9E-4739-9CC9-CAD1216FD3E1}.Debug|Any CPU.Build.0 = Debug|Any CPU
		{CA2DE8A4-6E9E-4739-9CC9-CAD1216FD3E1}.Release|Any CPU.ActiveCfg = Release|Any CPU
		{CA2DE8A4-6E9E-4739-9CC9-CAD1216FD3E1}.Release|Any CPU.Build.0 = Release|Any CPU
		{17B4FF47-84AA-4631-AB45-9C4EED452471}.Debug|Any CPU.ActiveCfg = Debug|Any CPU
		{17B4FF47-84AA-4631-AB45-9C4EED452471}.Debug|Any CPU.Build.0 = Debug|Any CPU
		{17B4FF47-84AA-4631-AB45-9C4EED452471}.Release|Any CPU.ActiveCfg = Release|Any CPU
		{17B4FF47-84AA-4631-AB45-9C4EED452471}.Release|Any CPU.Build.0 = Release|Any CPU
	EndGlobalSection
	GlobalSection(SolutionProperties) = preSolution
		HideSolutionNode = FALSE
	EndGlobalSection
	GlobalSection(NestedProjects) = preSolution
		{CA2DE8A4-6E9E-4739-9CC9-CAD1216FD3E1} = {9916AE56-F8AD-40C3-B00D-55CED607A4B9}
		{17B4FF47-84AA-4631-AB45-9C4EED452471} = {50A8944A-DCC7-4D04-8E01-388ECB8A1CEB}
	EndGlobalSection
	GlobalSection(ExtensibilityGlobals) = postSolution
		SolutionGuid = {C9B2077B-B277-4EDB-9C33-4B419967D3DC}
	EndGlobalSection
EndGlobal
